// !$*UTF8*$!
{
	archiveVersion = 1;
	classes = {
	};
	objectVersion = 56;
	objects = {

/* Begin PBXBuildFile section */
		800A57912B6E683200FA8311 /* Topic.swift in Sources */ = {isa = PBXBuildFile; fileRef = 800A57902B6E683200FA8311 /* Topic.swift */; };
		800A57932B6E752B00FA8311 /* Forum.swift in Sources */ = {isa = PBXBuildFile; fileRef = 800A57922B6E752B00FA8311 /* Forum.swift */; };
		800A57952B6E754B00FA8311 /* Linked.swift in Sources */ = {isa = PBXBuildFile; fileRef = 800A57942B6E754B00FA8311 /* Linked.swift */; };
		800A57992B6F5BCE00FA8311 /* TopicProtocol.swift in Sources */ = {isa = PBXBuildFile; fileRef = 800A57982B6F5BCE00FA8311 /* TopicProtocol.swift */; };
		800A579B2B6F5C2D00FA8311 /* TopicClient.swift in Sources */ = {isa = PBXBuildFile; fileRef = 800A579A2B6F5C2D00FA8311 /* TopicClient.swift */; };
		800A579E2B6FD01400FA8311 /* TopicCard.swift in Sources */ = {isa = PBXBuildFile; fileRef = 800A579D2B6FD01400FA8311 /* TopicCard.swift */; };
		803AD7962B2B41A700356E1F /* AuthClient.swift in Sources */ = {isa = PBXBuildFile; fileRef = 803AD7952B2B41A700356E1F /* AuthClient.swift */; };
		803DAE172B1B310900D3A42B /* UserProtocol.swift in Sources */ = {isa = PBXBuildFile; fileRef = 803DAE162B1B310900D3A42B /* UserProtocol.swift */; };
		803DAE1B2B1B32C100D3A42B /* UserImage.swift in Sources */ = {isa = PBXBuildFile; fileRef = 803DAE1A2B1B32C100D3A42B /* UserImage.swift */; };
		804A127B2B62AC26005479B6 /* NewsView.swift in Sources */ = {isa = PBXBuildFile; fileRef = 804A127A2B62AC26005479B6 /* NewsView.swift */; };
		804A127D2B62AC98005479B6 /* ListView.swift in Sources */ = {isa = PBXBuildFile; fileRef = 804A127C2B62AC98005479B6 /* ListView.swift */; };
		804A127F2B62ACD2005479B6 /* NewsModel.swift in Sources */ = {isa = PBXBuildFile; fileRef = 804A127E2B62ACD2005479B6 /* NewsModel.swift */; };
		804A12812B62ACDB005479B6 /* ListModel.swift in Sources */ = {isa = PBXBuildFile; fileRef = 804A12802B62ACDB005479B6 /* ListModel.swift */; };
		804A12832B62AE20005479B6 /* SettingsView.swift in Sources */ = {isa = PBXBuildFile; fileRef = 804A12822B62AE20005479B6 /* SettingsView.swift */; };
		8056B9202B614C9C00E19465 /* Config.swift in Sources */ = {isa = PBXBuildFile; fileRef = 8056B91F2B614C9C00E19465 /* Config.swift */; };
		805B22FD2B1A4FD500BF9A1F /* Const.swift in Sources */ = {isa = PBXBuildFile; fileRef = 805B22FC2B1A4FD500BF9A1F /* Const.swift */; };
		805B22FF2B1A5BEA00BF9A1F /* APIRequestError.swift in Sources */ = {isa = PBXBuildFile; fileRef = 805B22FE2B1A5BEA00BF9A1F /* APIRequestError.swift */; };
		805BBC362B1E3BD70072944D /* Status.swift in Sources */ = {isa = PBXBuildFile; fileRef = 805BBC2E2B1E3BD70072944D /* Status.swift */; };
		805BBC372B1E3BD70072944D /* TypeEnum.swift in Sources */ = {isa = PBXBuildFile; fileRef = 805BBC2F2B1E3BD70072944D /* TypeEnum.swift */; };
		805BBC392B1E3BD70072944D /* Stats.swift in Sources */ = {isa = PBXBuildFile; fileRef = 805BBC312B1E3BD70072944D /* Stats.swift */; };
		805BBC3B2B1E3BD70072944D /* Ratings.swift in Sources */ = {isa = PBXBuildFile; fileRef = 805BBC332B1E3BD70072944D /* Ratings.swift */; };
		805BBC3C2B1E3BD70072944D /* FullStatuses.swift in Sources */ = {isa = PBXBuildFile; fileRef = 805BBC342B1E3BD70072944D /* FullStatuses.swift */; };
		805BBC3D2B1E3BD70072944D /* User.swift in Sources */ = {isa = PBXBuildFile; fileRef = 805BBC352B1E3BD70072944D /* User.swift */; };
		80606E092B2E5847009A7B2D /* FormData.swift in Sources */ = {isa = PBXBuildFile; fileRef = 80606E082B2E5847009A7B2D /* FormData.swift */; };
		8064639D2B7BE9DA003B1018 /* TopicDetailView.swift in Sources */ = {isa = PBXBuildFile; fileRef = 8064639C2B7BE9DA003B1018 /* TopicDetailView.swift */; };
		806E1FEA2B7E2008004A389C /* UI Utils.swift in Sources */ = {isa = PBXBuildFile; fileRef = 806E1FE92B7E2008004A389C /* UI Utils.swift */; };
		806EB8382B5EF049008360B9 /* AuthManager.swift in Sources */ = {isa = PBXBuildFile; fileRef = 806EB8372B5EF049008360B9 /* AuthManager.swift */; };
		8078F1822B23275200A2A74D /* AuthorizationModel.swift in Sources */ = {isa = PBXBuildFile; fileRef = 8078F1812B23275200A2A74D /* AuthorizationModel.swift */; };
		8078F1842B2327A300A2A74D /* LoginView.swift in Sources */ = {isa = PBXBuildFile; fileRef = 8078F1832B2327A300A2A74D /* LoginView.swift */; };
		807EAF982B22F34400C79358 /* AuthProtocol.swift in Sources */ = {isa = PBXBuildFile; fileRef = 807EAF972B22F34400C79358 /* AuthProtocol.swift */; };
		807EAF9A2B22F5D600C79358 /* Token.swift in Sources */ = {isa = PBXBuildFile; fileRef = 807EAF992B22F5D600C79358 /* Token.swift */; };
		80869AEA2B18EA8E00E8730E /* ShikimoriApp.swift in Sources */ = {isa = PBXBuildFile; fileRef = 80869AE92B18EA8E00E8730E /* ShikimoriApp.swift */; };
		80869AEC2B18EA8E00E8730E /* ContentView.swift in Sources */ = {isa = PBXBuildFile; fileRef = 80869AEB2B18EA8E00E8730E /* ContentView.swift */; };
		80869AEE2B18EA9000E8730E /* Assets.xcassets in Resources */ = {isa = PBXBuildFile; fileRef = 80869AED2B18EA9000E8730E /* Assets.xcassets */; };
		80869AF12B18EA9000E8730E /* Preview Assets.xcassets in Resources */ = {isa = PBXBuildFile; fileRef = 80869AF02B18EA9000E8730E /* Preview Assets.xcassets */; };
		808C7A4C2B9B2212002B9242 /* RateRow.swift in Sources */ = {isa = PBXBuildFile; fileRef = 808C7A4B2B9B2212002B9242 /* RateRow.swift */; };
		808C7A4E2B9B7208002B9242 /* InitModel.swift in Sources */ = {isa = PBXBuildFile; fileRef = 808C7A4D2B9B7208002B9242 /* InitModel.swift */; };
		80AEEEF42B943C3B0057588D /* StatusAnimeList.swift in Sources */ = {isa = PBXBuildFile; fileRef = 80AEEEF32B943C3A0057588D /* StatusAnimeList.swift */; };
		80AEEEF62B944E7C0057588D /* UsersRate.swift in Sources */ = {isa = PBXBuildFile; fileRef = 80AEEEF52B944E7C0057588D /* UsersRate.swift */; };
		80AEEEF82B9481370057588D /* Anime.swift in Sources */ = {isa = PBXBuildFile; fileRef = 80AEEEF72B9481370057588D /* Anime.swift */; };
		80AEEEFA2B9481EB0057588D /* Manga.swift in Sources */ = {isa = PBXBuildFile; fileRef = 80AEEEF92B9481EB0057588D /* Manga.swift */; };
		80AEEEFC2B9482800057588D /* UserClient.swift in Sources */ = {isa = PBXBuildFile; fileRef = 80AEEEFB2B9482800057588D /* UserClient.swift */; };
		80C6BF2A2B1A05B40073DAC6 /* APIRequestDispatcher.swift in Sources */ = {isa = PBXBuildFile; fileRef = 80C6BF292B1A05B40073DAC6 /* APIRequestDispatcher.swift */; };
		80E16F092B1905C200A27323 /* APIRouter.swift in Sources */ = {isa = PBXBuildFile; fileRef = 80E16F082B1905C200A27323 /* APIRouter.swift */; };
		80E16F0B2B19098100A27323 /* Error.swift in Sources */ = {isa = PBXBuildFile; fileRef = 80E16F0A2B19098100A27323 /* Error.swift */; };
		80EC72DC2B22569200277419 /* NameValue.swift in Sources */ = {isa = PBXBuildFile; fileRef = 80EC72DB2B22569200277419 /* NameValue.swift */; };
		C84DC4431562CBD76FA53CC8 /* libPods-Shikimori.a in Frameworks */ = {isa = PBXBuildFile; fileRef = D698A4E85B0132714D1F8E25 /* libPods-Shikimori.a */; };
/* End PBXBuildFile section */

/* Begin PBXFileReference section */
		048D05982C15CF97005035CF /* .swiftlint.yml */ = {isa = PBXFileReference; lastKnownFileType = text.yaml; path = .swiftlint.yml; sourceTree = "<group>"; };
		6BB3A6D3B24FDC3039D80D62 /* Pods-Shikimori.debug.xcconfig */ = {isa = PBXFileReference; includeInIndex = 1; lastKnownFileType = text.xcconfig; name = "Pods-Shikimori.debug.xcconfig"; path = "Target Support Files/Pods-Shikimori/Pods-Shikimori.debug.xcconfig"; sourceTree = "<group>"; };
		800A57902B6E683200FA8311 /* Topic.swift */ = {isa = PBXFileReference; lastKnownFileType = sourcecode.swift; path = Topic.swift; sourceTree = "<group>"; };
		800A57922B6E752B00FA8311 /* Forum.swift */ = {isa = PBXFileReference; lastKnownFileType = sourcecode.swift; path = Forum.swift; sourceTree = "<group>"; };
		800A57942B6E754B00FA8311 /* Linked.swift */ = {isa = PBXFileReference; lastKnownFileType = sourcecode.swift; path = Linked.swift; sourceTree = "<group>"; };
		800A57982B6F5BCE00FA8311 /* TopicProtocol.swift */ = {isa = PBXFileReference; lastKnownFileType = sourcecode.swift; path = TopicProtocol.swift; sourceTree = "<group>"; };
		800A579A2B6F5C2D00FA8311 /* TopicClient.swift */ = {isa = PBXFileReference; lastKnownFileType = sourcecode.swift; path = TopicClient.swift; sourceTree = "<group>"; };
		800A579D2B6FD01400FA8311 /* TopicCard.swift */ = {isa = PBXFileReference; lastKnownFileType = sourcecode.swift; path = TopicCard.swift; sourceTree = "<group>"; };
		8013EAE92B2449D900FD9A13 /* Info.plist */ = {isa = PBXFileReference; lastKnownFileType = text.plist; path = Info.plist; sourceTree = "<group>"; };
		801A3F372B30488800E63BC6 /* README.md */ = {isa = PBXFileReference; lastKnownFileType = net.daringfireball.markdown; path = README.md; sourceTree = "<group>"; };
		801A3F382B3048E800E63BC6 /* ghlogo.png */ = {isa = PBXFileReference; lastKnownFileType = image.png; path = ghlogo.png; sourceTree = "<group>"; };
		803AD7952B2B41A700356E1F /* AuthClient.swift */ = {isa = PBXFileReference; lastKnownFileType = sourcecode.swift; path = AuthClient.swift; sourceTree = "<group>"; };
		803DAE162B1B310900D3A42B /* UserProtocol.swift */ = {isa = PBXFileReference; lastKnownFileType = sourcecode.swift; path = UserProtocol.swift; sourceTree = "<group>"; };
		803DAE1A2B1B32C100D3A42B /* UserImage.swift */ = {isa = PBXFileReference; lastKnownFileType = sourcecode.swift; path = UserImage.swift; sourceTree = "<group>"; };
		804A127A2B62AC26005479B6 /* NewsView.swift */ = {isa = PBXFileReference; lastKnownFileType = sourcecode.swift; path = NewsView.swift; sourceTree = "<group>"; };
		804A127C2B62AC98005479B6 /* ListView.swift */ = {isa = PBXFileReference; lastKnownFileType = sourcecode.swift; path = ListView.swift; sourceTree = "<group>"; };
		804A127E2B62ACD2005479B6 /* NewsModel.swift */ = {isa = PBXFileReference; lastKnownFileType = sourcecode.swift; path = NewsModel.swift; sourceTree = "<group>"; };
		804A12802B62ACDB005479B6 /* ListModel.swift */ = {isa = PBXFileReference; lastKnownFileType = sourcecode.swift; path = ListModel.swift; sourceTree = "<group>"; };
		804A12822B62AE20005479B6 /* SettingsView.swift */ = {isa = PBXFileReference; lastKnownFileType = sourcecode.swift; path = SettingsView.swift; sourceTree = "<group>"; };
		8056B91F2B614C9C00E19465 /* Config.swift */ = {isa = PBXFileReference; lastKnownFileType = sourcecode.swift; path = Config.swift; sourceTree = "<group>"; };
		805B22FC2B1A4FD500BF9A1F /* Const.swift */ = {isa = PBXFileReference; lastKnownFileType = sourcecode.swift; path = Const.swift; sourceTree = "<group>"; };
		805B22FE2B1A5BEA00BF9A1F /* APIRequestError.swift */ = {isa = PBXFileReference; lastKnownFileType = sourcecode.swift; path = APIRequestError.swift; sourceTree = "<group>"; };
		805BBC2E2B1E3BD70072944D /* Status.swift */ = {isa = PBXFileReference; fileEncoding = 4; lastKnownFileType = sourcecode.swift; path = Status.swift; sourceTree = "<group>"; };
		805BBC2F2B1E3BD70072944D /* TypeEnum.swift */ = {isa = PBXFileReference; fileEncoding = 4; lastKnownFileType = sourcecode.swift; path = TypeEnum.swift; sourceTree = "<group>"; };
		805BBC312B1E3BD70072944D /* Stats.swift */ = {isa = PBXFileReference; fileEncoding = 4; lastKnownFileType = sourcecode.swift; path = Stats.swift; sourceTree = "<group>"; };
		805BBC332B1E3BD70072944D /* Ratings.swift */ = {isa = PBXFileReference; fileEncoding = 4; lastKnownFileType = sourcecode.swift; path = Ratings.swift; sourceTree = "<group>"; };
		805BBC342B1E3BD70072944D /* FullStatuses.swift */ = {isa = PBXFileReference; fileEncoding = 4; lastKnownFileType = sourcecode.swift; path = FullStatuses.swift; sourceTree = "<group>"; };
		805BBC352B1E3BD70072944D /* User.swift */ = {isa = PBXFileReference; fileEncoding = 4; lastKnownFileType = sourcecode.swift; path = User.swift; sourceTree = "<group>"; };
		80606E082B2E5847009A7B2D /* FormData.swift */ = {isa = PBXFileReference; lastKnownFileType = sourcecode.swift; path = FormData.swift; sourceTree = "<group>"; };
		8064639C2B7BE9DA003B1018 /* TopicDetailView.swift */ = {isa = PBXFileReference; lastKnownFileType = sourcecode.swift; path = TopicDetailView.swift; sourceTree = "<group>"; };
		806E1FE92B7E2008004A389C /* UI Utils.swift */ = {isa = PBXFileReference; lastKnownFileType = sourcecode.swift; path = "UI Utils.swift"; sourceTree = "<group>"; };
		806EB8372B5EF049008360B9 /* AuthManager.swift */ = {isa = PBXFileReference; lastKnownFileType = sourcecode.swift; path = AuthManager.swift; sourceTree = "<group>"; };
		8078F1812B23275200A2A74D /* AuthorizationModel.swift */ = {isa = PBXFileReference; lastKnownFileType = sourcecode.swift; path = AuthorizationModel.swift; sourceTree = "<group>"; };
		8078F1832B2327A300A2A74D /* LoginView.swift */ = {isa = PBXFileReference; lastKnownFileType = sourcecode.swift; path = LoginView.swift; sourceTree = "<group>"; };
		807EAF972B22F34400C79358 /* AuthProtocol.swift */ = {isa = PBXFileReference; lastKnownFileType = sourcecode.swift; path = AuthProtocol.swift; sourceTree = "<group>"; };
		807EAF992B22F5D600C79358 /* Token.swift */ = {isa = PBXFileReference; lastKnownFileType = sourcecode.swift; path = Token.swift; sourceTree = "<group>"; };
		80869AE62B18EA8E00E8730E /* Shikimori.app */ = {isa = PBXFileReference; explicitFileType = wrapper.application; includeInIndex = 0; path = Shikimori.app; sourceTree = BUILT_PRODUCTS_DIR; };
		80869AE92B18EA8E00E8730E /* ShikimoriApp.swift */ = {isa = PBXFileReference; lastKnownFileType = sourcecode.swift; path = ShikimoriApp.swift; sourceTree = "<group>"; };
		80869AEB2B18EA8E00E8730E /* ContentView.swift */ = {isa = PBXFileReference; lastKnownFileType = sourcecode.swift; path = ContentView.swift; sourceTree = "<group>"; };
		80869AED2B18EA9000E8730E /* Assets.xcassets */ = {isa = PBXFileReference; lastKnownFileType = folder.assetcatalog; path = Assets.xcassets; sourceTree = "<group>"; };
		80869AF02B18EA9000E8730E /* Preview Assets.xcassets */ = {isa = PBXFileReference; lastKnownFileType = folder.assetcatalog; path = "Preview Assets.xcassets"; sourceTree = "<group>"; };
		808C7A4B2B9B2212002B9242 /* RateRow.swift */ = {isa = PBXFileReference; lastKnownFileType = sourcecode.swift; path = RateRow.swift; sourceTree = "<group>"; };
		808C7A4D2B9B7208002B9242 /* InitModel.swift */ = {isa = PBXFileReference; lastKnownFileType = sourcecode.swift; path = InitModel.swift; sourceTree = "<group>"; };
		80AEEEF32B943C3A0057588D /* StatusAnimeList.swift */ = {isa = PBXFileReference; lastKnownFileType = sourcecode.swift; path = StatusAnimeList.swift; sourceTree = "<group>"; };
		80AEEEF52B944E7C0057588D /* UsersRate.swift */ = {isa = PBXFileReference; lastKnownFileType = sourcecode.swift; path = UsersRate.swift; sourceTree = "<group>"; };
		80AEEEF72B9481370057588D /* Anime.swift */ = {isa = PBXFileReference; lastKnownFileType = sourcecode.swift; path = Anime.swift; sourceTree = "<group>"; };
		80AEEEF92B9481EB0057588D /* Manga.swift */ = {isa = PBXFileReference; lastKnownFileType = sourcecode.swift; path = Manga.swift; sourceTree = "<group>"; };
		80AEEEFB2B9482800057588D /* UserClient.swift */ = {isa = PBXFileReference; lastKnownFileType = sourcecode.swift; path = UserClient.swift; sourceTree = "<group>"; };
		80C6BF292B1A05B40073DAC6 /* APIRequestDispatcher.swift */ = {isa = PBXFileReference; lastKnownFileType = sourcecode.swift; path = APIRequestDispatcher.swift; sourceTree = "<group>"; };
		80E16F082B1905C200A27323 /* APIRouter.swift */ = {isa = PBXFileReference; lastKnownFileType = sourcecode.swift; path = APIRouter.swift; sourceTree = "<group>"; };
		80E16F0A2B19098100A27323 /* Error.swift */ = {isa = PBXFileReference; lastKnownFileType = sourcecode.swift; path = Error.swift; sourceTree = "<group>"; };
		80EC72DB2B22569200277419 /* NameValue.swift */ = {isa = PBXFileReference; lastKnownFileType = sourcecode.swift; path = NameValue.swift; sourceTree = "<group>"; };
		B1FCC36BF23DDC70CFD195CB /* Pods-Shikimori.release.xcconfig */ = {isa = PBXFileReference; includeInIndex = 1; lastKnownFileType = text.xcconfig; name = "Pods-Shikimori.release.xcconfig"; path = "Target Support Files/Pods-Shikimori/Pods-Shikimori.release.xcconfig"; sourceTree = "<group>"; };
		D698A4E85B0132714D1F8E25 /* libPods-Shikimori.a */ = {isa = PBXFileReference; explicitFileType = archive.ar; includeInIndex = 0; path = "libPods-Shikimori.a"; sourceTree = BUILT_PRODUCTS_DIR; };
/* End PBXFileReference section */

/* Begin PBXFrameworksBuildPhase section */
		80869AE32B18EA8E00E8730E /* Frameworks */ = {
			isa = PBXFrameworksBuildPhase;
			buildActionMask = 2147483647;
			files = (
				C84DC4431562CBD76FA53CC8 /* libPods-Shikimori.a in Frameworks */,
			);
			runOnlyForDeploymentPostprocessing = 0;
		};
/* End PBXFrameworksBuildPhase section */

/* Begin PBXGroup section */
		28CD1DB199D3317BD4286166 /* Frameworks */ = {
			isa = PBXGroup;
			children = (
				D698A4E85B0132714D1F8E25 /* libPods-Shikimori.a */,
			);
			name = Frameworks;
			sourceTree = "<group>";
		};
		800A57962B6F5B7800FA8311 /* Topic */ = {
			isa = PBXGroup;
			children = (
				800A57942B6E754B00FA8311 /* Linked.swift */,
				800A57922B6E752B00FA8311 /* Forum.swift */,
				800A57902B6E683200FA8311 /* Topic.swift */,
			);
			path = Topic;
			sourceTree = "<group>";
		};
		800A57972B6F5B8E00FA8311 /* User */ = {
			isa = PBXGroup;
			children = (
				805BBC312B1E3BD70072944D /* Stats.swift */,
				803DAE1A2B1B32C100D3A42B /* UserImage.swift */,
				805BBC352B1E3BD70072944D /* User.swift */,
				80AEEEF52B944E7C0057588D /* UsersRate.swift */,
			);
			path = User;
			sourceTree = "<group>";
		};
		800A579C2B6FCF3C00FA8311 /* UI Components */ = {
			isa = PBXGroup;
			children = (
				800A579D2B6FD01400FA8311 /* TopicCard.swift */,
				808C7A4B2B9B2212002B9242 /* RateRow.swift */,
			);
			path = "UI Components";
			sourceTree = "<group>";
		};
		803AD7942B2B419600356E1F /* Client */ = {
			isa = PBXGroup;
			children = (
				803AD7952B2B41A700356E1F /* AuthClient.swift */,
				800A579A2B6F5C2D00FA8311 /* TopicClient.swift */,
				80AEEEFB2B9482800057588D /* UserClient.swift */,
			);
			path = Client;
			sourceTree = "<group>";
		};
		803DAE152B1B30F500D3A42B /* Protocols */ = {
			isa = PBXGroup;
			children = (
				803DAE162B1B310900D3A42B /* UserProtocol.swift */,
				807EAF972B22F34400C79358 /* AuthProtocol.swift */,
				800A57982B6F5BCE00FA8311 /* TopicProtocol.swift */,
			);
			path = Protocols;
			sourceTree = "<group>";
		};
		804A12792B62A857005479B6 /* Tabs */ = {
			isa = PBXGroup;
			children = (
				804A127A2B62AC26005479B6 /* NewsView.swift */,
				804A127C2B62AC98005479B6 /* ListView.swift */,
				804A12822B62AE20005479B6 /* SettingsView.swift */,
			);
			path = Tabs;
			sourceTree = "<group>";
		};
		8064639B2B7BE9C2003B1018 /* Topic */ = {
			isa = PBXGroup;
			children = (
				8064639C2B7BE9DA003B1018 /* TopicDetailView.swift */,
			);
			path = Topic;
			sourceTree = "<group>";
		};
		80869ADD2B18EA8E00E8730E = {
			isa = PBXGroup;
			children = (
				048D05982C15CF97005035CF /* .swiftlint.yml */,
				801A3F382B3048E800E63BC6 /* ghlogo.png */,
				801A3F372B30488800E63BC6 /* README.md */,
				80869AE82B18EA8E00E8730E /* Shikimori */,
				80869AE72B18EA8E00E8730E /* Products */,
				D738A08E0E2681F88920EDDC /* Pods */,
				28CD1DB199D3317BD4286166 /* Frameworks */,
			);
			sourceTree = "<group>";
		};
		80869AE72B18EA8E00E8730E /* Products */ = {
			isa = PBXGroup;
			children = (
				80869AE62B18EA8E00E8730E /* Shikimori.app */,
			);
			name = Products;
			sourceTree = "<group>";
		};
		80869AE82B18EA8E00E8730E /* Shikimori */ = {
			isa = PBXGroup;
			children = (
				800A579C2B6FCF3C00FA8311 /* UI Components */,
				8013EAE92B2449D900FD9A13 /* Info.plist */,
				80F900F42B18FDA9001F937F /* DTO */,
				80F900F32B18FB69001F937F /* Network */,
				80F900F12B18F207001F937F /* View */,
				80F900F02B18F201001F937F /* Model */,
				80869AE92B18EA8E00E8730E /* ShikimoriApp.swift */,
				80869AEB2B18EA8E00E8730E /* ContentView.swift */,
				80869AED2B18EA9000E8730E /* Assets.xcassets */,
				80869AEF2B18EA9000E8730E /* Preview Content */,
				805B22FC2B1A4FD500BF9A1F /* Const.swift */,
				806EB8372B5EF049008360B9 /* AuthManager.swift */,
				8056B91F2B614C9C00E19465 /* Config.swift */,
				806E1FE92B7E2008004A389C /* UI Utils.swift */,
			);
			path = Shikimori;
			sourceTree = "<group>";
		};
		80869AEF2B18EA9000E8730E /* Preview Content */ = {
			isa = PBXGroup;
			children = (
				80869AF02B18EA9000E8730E /* Preview Assets.xcassets */,
			);
			path = "Preview Content";
			sourceTree = "<group>";
		};
		80F900F02B18F201001F937F /* Model */ = {
			isa = PBXGroup;
			children = (
				8078F1812B23275200A2A74D /* AuthorizationModel.swift */,
				804A127E2B62ACD2005479B6 /* NewsModel.swift */,
				804A12802B62ACDB005479B6 /* ListModel.swift */,
				808C7A4D2B9B7208002B9242 /* InitModel.swift */,
			);
			path = Model;
			sourceTree = "<group>";
		};
		80F900F12B18F207001F937F /* View */ = {
			isa = PBXGroup;
			children = (
				8064639B2B7BE9C2003B1018 /* Topic */,
				804A12792B62A857005479B6 /* Tabs */,
				8078F1832B2327A300A2A74D /* LoginView.swift */,
			);
			path = View;
			sourceTree = "<group>";
		};
		80F900F32B18FB69001F937F /* Network */ = {
			isa = PBXGroup;
			children = (
				80606E082B2E5847009A7B2D /* FormData.swift */,
				803AD7942B2B419600356E1F /* Client */,
				803DAE152B1B30F500D3A42B /* Protocols */,
				80E16F082B1905C200A27323 /* APIRouter.swift */,
				80C6BF292B1A05B40073DAC6 /* APIRequestDispatcher.swift */,
				805B22FE2B1A5BEA00BF9A1F /* APIRequestError.swift */,
			);
			path = Network;
			sourceTree = "<group>";
		};
		80F900F42B18FDA9001F937F /* DTO */ = {
			isa = PBXGroup;
			children = (
				800A57972B6F5B8E00FA8311 /* User */,
				800A57962B6F5B7800FA8311 /* Topic */,
				805BBC2E2B1E3BD70072944D /* Status.swift */,
				805BBC342B1E3BD70072944D /* FullStatuses.swift */,
				805BBC332B1E3BD70072944D /* Ratings.swift */,
				805BBC2F2B1E3BD70072944D /* TypeEnum.swift */,
				80E16F0A2B19098100A27323 /* Error.swift */,
				80EC72DB2B22569200277419 /* NameValue.swift */,
				807EAF992B22F5D600C79358 /* Token.swift */,
				80AEEEF32B943C3A0057588D /* StatusAnimeList.swift */,
				80AEEEF72B9481370057588D /* Anime.swift */,
				80AEEEF92B9481EB0057588D /* Manga.swift */,
			);
			path = DTO;
			sourceTree = "<group>";
		};
		D738A08E0E2681F88920EDDC /* Pods */ = {
			isa = PBXGroup;
			children = (
				6BB3A6D3B24FDC3039D80D62 /* Pods-Shikimori.debug.xcconfig */,
				B1FCC36BF23DDC70CFD195CB /* Pods-Shikimori.release.xcconfig */,
			);
			path = Pods;
			sourceTree = "<group>";
		};
/* End PBXGroup section */

/* Begin PBXNativeTarget section */
		80869AE52B18EA8E00E8730E /* Shikimori */ = {
			isa = PBXNativeTarget;
			buildConfigurationList = 80869AF42B18EA9000E8730E /* Build configuration list for PBXNativeTarget "Shikimori" */;
			buildPhases = (
				B7C056EC6ECD73280AF1B00A /* [CP] Check Pods Manifest.lock */,
				80869AE22B18EA8E00E8730E /* Sources */,
				80869AE32B18EA8E00E8730E /* Frameworks */,
				80869AE42B18EA8E00E8730E /* Resources */,
				04854E762C15C92400E55387 /* ShellScript */,
				3B55414CBC5024E0F3E834A6 /* [CP] Copy Pods Resources */,
			);
			buildRules = (
			);
			dependencies = (
			);
			name = Shikimori;
			productName = Shikimori;
			productReference = 80869AE62B18EA8E00E8730E /* Shikimori.app */;
			productType = "com.apple.product-type.application";
		};
/* End PBXNativeTarget section */

/* Begin PBXProject section */
		80869ADE2B18EA8E00E8730E /* Project object */ = {
			isa = PBXProject;
			attributes = {
				BuildIndependentTargetsInParallel = 1;
				LastSwiftUpdateCheck = 1500;
				LastUpgradeCheck = 1530;
				TargetAttributes = {
					80869AE52B18EA8E00E8730E = {
						CreatedOnToolsVersion = 15.0.1;
					};
				};
			};
			buildConfigurationList = 80869AE12B18EA8E00E8730E /* Build configuration list for PBXProject "Shikimori" */;
			compatibilityVersion = "Xcode 14.0";
			developmentRegion = en;
			hasScannedForEncodings = 0;
			knownRegions = (
				en,
				Base,
				ru,
			);
			mainGroup = 80869ADD2B18EA8E00E8730E;
			productRefGroup = 80869AE72B18EA8E00E8730E /* Products */;
			projectDirPath = "";
			projectRoot = "";
			targets = (
				80869AE52B18EA8E00E8730E /* Shikimori */,
			);
		};
/* End PBXProject section */

/* Begin PBXResourcesBuildPhase section */
		80869AE42B18EA8E00E8730E /* Resources */ = {
			isa = PBXResourcesBuildPhase;
			buildActionMask = 2147483647;
			files = (
				80869AF12B18EA9000E8730E /* Preview Assets.xcassets in Resources */,
				80869AEE2B18EA9000E8730E /* Assets.xcassets in Resources */,
			);
			runOnlyForDeploymentPostprocessing = 0;
		};
/* End PBXResourcesBuildPhase section */

/* Begin PBXShellScriptBuildPhase section */
		04854E762C15C92400E55387 /* ShellScript */ = {
			isa = PBXShellScriptBuildPhase;
			buildActionMask = 2147483647;
			files = (
			);
			inputFileListPaths = (
			);
			inputPaths = (
			);
			outputFileListPaths = (
			);
			outputPaths = (
			);
			runOnlyForDeploymentPostprocessing = 0;
			shellPath = /bin/sh;
			shellScript = "${PODS_ROOT}/SwiftLint/swiftlint\n";
		};
		3B55414CBC5024E0F3E834A6 /* [CP] Copy Pods Resources */ = {
			isa = PBXShellScriptBuildPhase;
			buildActionMask = 2147483647;
			files = (
			);
			inputFileListPaths = (
				"${PODS_ROOT}/Target Support Files/Pods-Shikimori/Pods-Shikimori-resources-${CONFIGURATION}-input-files.xcfilelist",
			);
			name = "[CP] Copy Pods Resources";
			outputFileListPaths = (
				"${PODS_ROOT}/Target Support Files/Pods-Shikimori/Pods-Shikimori-resources-${CONFIGURATION}-output-files.xcfilelist",
			);
			runOnlyForDeploymentPostprocessing = 0;
			shellPath = /bin/sh;
			shellScript = "\"${PODS_ROOT}/Target Support Files/Pods-Shikimori/Pods-Shikimori-resources.sh\"\n";
			showEnvVarsInLog = 0;
		};
		B7C056EC6ECD73280AF1B00A /* [CP] Check Pods Manifest.lock */ = {
			isa = PBXShellScriptBuildPhase;
			buildActionMask = 2147483647;
			files = (
			);
			inputFileListPaths = (
			);
			inputPaths = (
				"${PODS_PODFILE_DIR_PATH}/Podfile.lock",
				"${PODS_ROOT}/Manifest.lock",
			);
			name = "[CP] Check Pods Manifest.lock";
			outputFileListPaths = (
			);
			outputPaths = (
				"$(DERIVED_FILE_DIR)/Pods-Shikimori-checkManifestLockResult.txt",
			);
			runOnlyForDeploymentPostprocessing = 0;
			shellPath = /bin/sh;
			shellScript = "diff \"${PODS_PODFILE_DIR_PATH}/Podfile.lock\" \"${PODS_ROOT}/Manifest.lock\" > /dev/null\nif [ $? != 0 ] ; then\n    # print error to STDERR\n    echo \"error: The sandbox is not in sync with the Podfile.lock. Run 'pod install' or update your CocoaPods installation.\" >&2\n    exit 1\nfi\n# This output is used by Xcode 'outputs' to avoid re-running this script phase.\necho \"SUCCESS\" > \"${SCRIPT_OUTPUT_FILE_0}\"\n";
			showEnvVarsInLog = 0;
		};
/* End PBXShellScriptBuildPhase section */

/* Begin PBXSourcesBuildPhase section */
		80869AE22B18EA8E00E8730E /* Sources */ = {
			isa = PBXSourcesBuildPhase;
			buildActionMask = 2147483647;
			files = (
				803DAE1B2B1B32C100D3A42B /* UserImage.swift in Sources */,
				800A57912B6E683200FA8311 /* Topic.swift in Sources */,
				806E1FEA2B7E2008004A389C /* UI Utils.swift in Sources */,
				805BBC392B1E3BD70072944D /* Stats.swift in Sources */,
				805BBC372B1E3BD70072944D /* TypeEnum.swift in Sources */,
				804A127F2B62ACD2005479B6 /* NewsModel.swift in Sources */,
				80AEEEF42B943C3B0057588D /* StatusAnimeList.swift in Sources */,
				800A57932B6E752B00FA8311 /* Forum.swift in Sources */,
				80E16F0B2B19098100A27323 /* Error.swift in Sources */,
				808C7A4C2B9B2212002B9242 /* RateRow.swift in Sources */,
				80869AEC2B18EA8E00E8730E /* ContentView.swift in Sources */,
				8056B9202B614C9C00E19465 /* Config.swift in Sources */,
				8064639D2B7BE9DA003B1018 /* TopicDetailView.swift in Sources */,
				803DAE172B1B310900D3A42B /* UserProtocol.swift in Sources */,
				805BBC3D2B1E3BD70072944D /* User.swift in Sources */,
				80AEEEF62B944E7C0057588D /* UsersRate.swift in Sources */,
				803AD7962B2B41A700356E1F /* AuthClient.swift in Sources */,
				80AEEEF82B9481370057588D /* Anime.swift in Sources */,
				80E16F092B1905C200A27323 /* APIRouter.swift in Sources */,
				808C7A4E2B9B7208002B9242 /* InitModel.swift in Sources */,
				804A12812B62ACDB005479B6 /* ListModel.swift in Sources */,
				8078F1822B23275200A2A74D /* AuthorizationModel.swift in Sources */,
				80EC72DC2B22569200277419 /* NameValue.swift in Sources */,
				807EAF9A2B22F5D600C79358 /* Token.swift in Sources */,
				804A127B2B62AC26005479B6 /* NewsView.swift in Sources */,
				804A127D2B62AC98005479B6 /* ListView.swift in Sources */,
				805B22FF2B1A5BEA00BF9A1F /* APIRequestError.swift in Sources */,
				80AEEEFC2B9482800057588D /* UserClient.swift in Sources */,
				804A12832B62AE20005479B6 /* SettingsView.swift in Sources */,
				806EB8382B5EF049008360B9 /* AuthManager.swift in Sources */,
				805BBC362B1E3BD70072944D /* Status.swift in Sources */,
				800A579E2B6FD01400FA8311 /* TopicCard.swift in Sources */,
				80C6BF2A2B1A05B40073DAC6 /* APIRequestDispatcher.swift in Sources */,
				80606E092B2E5847009A7B2D /* FormData.swift in Sources */,
				80AEEEFA2B9481EB0057588D /* Manga.swift in Sources */,
				805BBC3C2B1E3BD70072944D /* FullStatuses.swift in Sources */,
				80869AEA2B18EA8E00E8730E /* ShikimoriApp.swift in Sources */,
				807EAF982B22F34400C79358 /* AuthProtocol.swift in Sources */,
				800A579B2B6F5C2D00FA8311 /* TopicClient.swift in Sources */,
				805BBC3B2B1E3BD70072944D /* Ratings.swift in Sources */,
				800A57992B6F5BCE00FA8311 /* TopicProtocol.swift in Sources */,
				8078F1842B2327A300A2A74D /* LoginView.swift in Sources */,
				800A57952B6E754B00FA8311 /* Linked.swift in Sources */,
				805B22FD2B1A4FD500BF9A1F /* Const.swift in Sources */,
			);
			runOnlyForDeploymentPostprocessing = 0;
		};
/* End PBXSourcesBuildPhase section */

/* Begin XCBuildConfiguration section */
		80869AF22B18EA9000E8730E /* Debug */ = {
			isa = XCBuildConfiguration;
			buildSettings = {
				ALWAYS_SEARCH_USER_PATHS = NO;
				ASSETCATALOG_COMPILER_GENERATE_SWIFT_ASSET_SYMBOL_EXTENSIONS = YES;
				CLANG_ANALYZER_LOCALIZABILITY_NONLOCALIZED = YES;
				CLANG_ANALYZER_NONNULL = YES;
				CLANG_ANALYZER_NUMBER_OBJECT_CONVERSION = YES_AGGRESSIVE;
				CLANG_CXX_LANGUAGE_STANDARD = "gnu++20";
				CLANG_ENABLE_MODULES = YES;
				CLANG_ENABLE_OBJC_ARC = YES;
				CLANG_ENABLE_OBJC_WEAK = YES;
				CLANG_WARN_BLOCK_CAPTURE_AUTORELEASING = YES;
				CLANG_WARN_BOOL_CONVERSION = YES;
				CLANG_WARN_COMMA = YES;
				CLANG_WARN_CONSTANT_CONVERSION = YES;
				CLANG_WARN_DEPRECATED_OBJC_IMPLEMENTATIONS = YES;
				CLANG_WARN_DIRECT_OBJC_ISA_USAGE = YES_ERROR;
				CLANG_WARN_DOCUMENTATION_COMMENTS = YES;
				CLANG_WARN_EMPTY_BODY = YES;
				CLANG_WARN_ENUM_CONVERSION = YES;
				CLANG_WARN_INFINITE_RECURSION = YES;
				CLANG_WARN_INT_CONVERSION = YES;
				CLANG_WARN_NON_LITERAL_NULL_CONVERSION = YES;
				CLANG_WARN_OBJC_IMPLICIT_RETAIN_SELF = YES;
				CLANG_WARN_OBJC_LITERAL_CONVERSION = YES;
				CLANG_WARN_OBJC_ROOT_CLASS = YES_ERROR;
				CLANG_WARN_QUOTED_INCLUDE_IN_FRAMEWORK_HEADER = YES;
				CLANG_WARN_RANGE_LOOP_ANALYSIS = YES;
				CLANG_WARN_STRICT_PROTOTYPES = YES;
				CLANG_WARN_SUSPICIOUS_MOVE = YES;
				CLANG_WARN_UNGUARDED_AVAILABILITY = YES_AGGRESSIVE;
				CLANG_WARN_UNREACHABLE_CODE = YES;
				CLANG_WARN__DUPLICATE_METHOD_MATCH = YES;
				COPY_PHASE_STRIP = NO;
				DEBUG_INFORMATION_FORMAT = dwarf;
				ENABLE_STRICT_OBJC_MSGSEND = YES;
				ENABLE_TESTABILITY = YES;
				ENABLE_USER_SCRIPT_SANDBOXING = NO;
				GCC_C_LANGUAGE_STANDARD = gnu17;
				GCC_DYNAMIC_NO_PIC = NO;
				GCC_NO_COMMON_BLOCKS = YES;
				GCC_OPTIMIZATION_LEVEL = 0;
				GCC_PREPROCESSOR_DEFINITIONS = (
					"DEBUG=1",
					"$(inherited)",
				);
				GCC_WARN_64_TO_32_BIT_CONVERSION = YES;
				GCC_WARN_ABOUT_RETURN_TYPE = YES_ERROR;
				GCC_WARN_UNDECLARED_SELECTOR = YES;
				GCC_WARN_UNINITIALIZED_AUTOS = YES_AGGRESSIVE;
				GCC_WARN_UNUSED_FUNCTION = YES;
				GCC_WARN_UNUSED_VARIABLE = YES;
				IPHONEOS_DEPLOYMENT_TARGET = 17.0;
				LOCALIZATION_PREFERS_STRING_CATALOGS = YES;
				MTL_ENABLE_DEBUG_INFO = INCLUDE_SOURCE;
				MTL_FAST_MATH = YES;
				ONLY_ACTIVE_ARCH = YES;
				SDKROOT = iphoneos;
				SWIFT_ACTIVE_COMPILATION_CONDITIONS = "DEBUG $(inherited)";
				SWIFT_OPTIMIZATION_LEVEL = "-Onone";
			};
			name = Debug;
		};
		80869AF32B18EA9000E8730E /* Release */ = {
			isa = XCBuildConfiguration;
			buildSettings = {
				ALWAYS_SEARCH_USER_PATHS = NO;
				ASSETCATALOG_COMPILER_GENERATE_SWIFT_ASSET_SYMBOL_EXTENSIONS = YES;
				CLANG_ANALYZER_LOCALIZABILITY_NONLOCALIZED = YES;
				CLANG_ANALYZER_NONNULL = YES;
				CLANG_ANALYZER_NUMBER_OBJECT_CONVERSION = YES_AGGRESSIVE;
				CLANG_CXX_LANGUAGE_STANDARD = "gnu++20";
				CLANG_ENABLE_MODULES = YES;
				CLANG_ENABLE_OBJC_ARC = YES;
				CLANG_ENABLE_OBJC_WEAK = YES;
				CLANG_WARN_BLOCK_CAPTURE_AUTORELEASING = YES;
				CLANG_WARN_BOOL_CONVERSION = YES;
				CLANG_WARN_COMMA = YES;
				CLANG_WARN_CONSTANT_CONVERSION = YES;
				CLANG_WARN_DEPRECATED_OBJC_IMPLEMENTATIONS = YES;
				CLANG_WARN_DIRECT_OBJC_ISA_USAGE = YES_ERROR;
				CLANG_WARN_DOCUMENTATION_COMMENTS = YES;
				CLANG_WARN_EMPTY_BODY = YES;
				CLANG_WARN_ENUM_CONVERSION = YES;
				CLANG_WARN_INFINITE_RECURSION = YES;
				CLANG_WARN_INT_CONVERSION = YES;
				CLANG_WARN_NON_LITERAL_NULL_CONVERSION = YES;
				CLANG_WARN_OBJC_IMPLICIT_RETAIN_SELF = YES;
				CLANG_WARN_OBJC_LITERAL_CONVERSION = YES;
				CLANG_WARN_OBJC_ROOT_CLASS = YES_ERROR;
				CLANG_WARN_QUOTED_INCLUDE_IN_FRAMEWORK_HEADER = YES;
				CLANG_WARN_RANGE_LOOP_ANALYSIS = YES;
				CLANG_WARN_STRICT_PROTOTYPES = YES;
				CLANG_WARN_SUSPICIOUS_MOVE = YES;
				CLANG_WARN_UNGUARDED_AVAILABILITY = YES_AGGRESSIVE;
				CLANG_WARN_UNREACHABLE_CODE = YES;
				CLANG_WARN__DUPLICATE_METHOD_MATCH = YES;
				COPY_PHASE_STRIP = NO;
				DEBUG_INFORMATION_FORMAT = "dwarf-with-dsym";
				ENABLE_NS_ASSERTIONS = NO;
				ENABLE_STRICT_OBJC_MSGSEND = YES;
				ENABLE_USER_SCRIPT_SANDBOXING = NO;
				GCC_C_LANGUAGE_STANDARD = gnu17;
				GCC_NO_COMMON_BLOCKS = YES;
				GCC_WARN_64_TO_32_BIT_CONVERSION = YES;
				GCC_WARN_ABOUT_RETURN_TYPE = YES_ERROR;
				GCC_WARN_UNDECLARED_SELECTOR = YES;
				GCC_WARN_UNINITIALIZED_AUTOS = YES_AGGRESSIVE;
				GCC_WARN_UNUSED_FUNCTION = YES;
				GCC_WARN_UNUSED_VARIABLE = YES;
				IPHONEOS_DEPLOYMENT_TARGET = 17.0;
				LOCALIZATION_PREFERS_STRING_CATALOGS = YES;
				MTL_ENABLE_DEBUG_INFO = NO;
				MTL_FAST_MATH = YES;
				SDKROOT = iphoneos;
				SWIFT_COMPILATION_MODE = wholemodule;
				VALIDATE_PRODUCT = YES;
			};
			name = Release;
		};
		80869AF52B18EA9000E8730E /* Debug */ = {
			isa = XCBuildConfiguration;
			baseConfigurationReference = 6BB3A6D3B24FDC3039D80D62 /* Pods-Shikimori.debug.xcconfig */;
			buildSettings = {
				ASSETCATALOG_COMPILER_APPICON_NAME = AppIcon;
				ASSETCATALOG_COMPILER_GLOBAL_ACCENT_COLOR_NAME = AccentColor;
				CODE_SIGN_STYLE = Automatic;
				CURRENT_PROJECT_VERSION = 1;
				DEVELOPMENT_ASSET_PATHS = "\"Shikimori/Preview Content\"";
				DEVELOPMENT_TEAM = 85XD522TSF;
				ENABLE_PREVIEWS = YES;
				GENERATE_INFOPLIST_FILE = YES;
				INFOPLIST_FILE = Shikimori/Info.plist;
				INFOPLIST_KEY_CFBundleDisplayName = Shikimori;
				INFOPLIST_KEY_LSApplicationCategoryType = "public.app-category.social-networking";
				INFOPLIST_KEY_UIApplicationSceneManifest_Generation = YES;
				INFOPLIST_KEY_UIApplicationSupportsIndirectInputEvents = YES;
				INFOPLIST_KEY_UILaunchScreen_Generation = YES;
				INFOPLIST_KEY_UISupportedInterfaceOrientations_iPad = "UIInterfaceOrientationPortrait UIInterfaceOrientationPortraitUpsideDown UIInterfaceOrientationLandscapeLeft UIInterfaceOrientationLandscapeRight";
				INFOPLIST_KEY_UISupportedInterfaceOrientations_iPhone = "UIInterfaceOrientationPortrait UIInterfaceOrientationLandscapeLeft UIInterfaceOrientationLandscapeRight";
				IPHONEOS_DEPLOYMENT_TARGET = 15.0;
				LD_RUNPATH_SEARCH_PATHS = (
					"$(inherited)",
					"@executable_path/Frameworks",
				);
				MARKETING_VERSION = 1.0;
				PRODUCT_BUNDLE_IDENTIFIER = dev.vlapsk1y.Shikimori;
				PRODUCT_NAME = "$(TARGET_NAME)";
				SUPPORTED_PLATFORMS = "iphoneos iphonesimulator";
				SUPPORTS_MACCATALYST = NO;
				SUPPORTS_MAC_DESIGNED_FOR_IPHONE_IPAD = NO;
				SUPPORTS_XR_DESIGNED_FOR_IPHONE_IPAD = NO;
				SWIFT_EMIT_LOC_STRINGS = YES;
				SWIFT_VERSION = 5.0;
				TARGETED_DEVICE_FAMILY = 1;
			};
			name = Debug;
		};
		80869AF62B18EA9000E8730E /* Release */ = {
			isa = XCBuildConfiguration;
			baseConfigurationReference = B1FCC36BF23DDC70CFD195CB /* Pods-Shikimori.release.xcconfig */;
			buildSettings = {
				ASSETCATALOG_COMPILER_APPICON_NAME = AppIcon;
				ASSETCATALOG_COMPILER_GLOBAL_ACCENT_COLOR_NAME = AccentColor;
				CODE_SIGN_STYLE = Automatic;
				CURRENT_PROJECT_VERSION = 1;
				DEVELOPMENT_ASSET_PATHS = "\"Shikimori/Preview Content\"";
				DEVELOPMENT_TEAM = 85XD522TSF;
				ENABLE_PREVIEWS = YES;
				GENERATE_INFOPLIST_FILE = YES;
				INFOPLIST_FILE = Shikimori/Info.plist;
				INFOPLIST_KEY_CFBundleDisplayName = Shikimori;
				INFOPLIST_KEY_LSApplicationCategoryType = "public.app-category.social-networking";
				INFOPLIST_KEY_UIApplicationSceneManifest_Generation = YES;
				INFOPLIST_KEY_UIApplicationSupportsIndirectInputEvents = YES;
				INFOPLIST_KEY_UILaunchScreen_Generation = YES;
				INFOPLIST_KEY_UISupportedInterfaceOrientations_iPad = "UIInterfaceOrientationPortrait UIInterfaceOrientationPortraitUpsideDown UIInterfaceOrientationLandscapeLeft UIInterfaceOrientationLandscapeRight";
				INFOPLIST_KEY_UISupportedInterfaceOrientations_iPhone = "UIInterfaceOrientationPortrait UIInterfaceOrientationLandscapeLeft UIInterfaceOrientationLandscapeRight";
				IPHONEOS_DEPLOYMENT_TARGET = 15.0;
				LD_RUNPATH_SEARCH_PATHS = (
					"$(inherited)",
					"@executable_path/Frameworks",
				);
				MARKETING_VERSION = 1.0;
				PRODUCT_BUNDLE_IDENTIFIER = dev.vlapsk1y.Shikimori;
				PRODUCT_NAME = "$(TARGET_NAME)";
				SUPPORTED_PLATFORMS = "iphoneos iphonesimulator";
				SUPPORTS_MACCATALYST = NO;
				SUPPORTS_MAC_DESIGNED_FOR_IPHONE_IPAD = NO;
				SUPPORTS_XR_DESIGNED_FOR_IPHONE_IPAD = NO;
				SWIFT_EMIT_LOC_STRINGS = YES;
				SWIFT_VERSION = 5.0;
				TARGETED_DEVICE_FAMILY = 1;
			};
			name = Release;
		};
/* End XCBuildConfiguration section */

/* Begin XCConfigurationList section */
		80869AE12B18EA8E00E8730E /* Build configuration list for PBXProject "Shikimori" */ = {
			isa = XCConfigurationList;
			buildConfigurations = (
				80869AF22B18EA9000E8730E /* Debug */,
				80869AF32B18EA9000E8730E /* Release */,
			);
			defaultConfigurationIsVisible = 0;
			defaultConfigurationName = Release;
		};
		80869AF42B18EA9000E8730E /* Build configuration list for PBXNativeTarget "Shikimori" */ = {
			isa = XCConfigurationList;
			buildConfigurations = (
				80869AF52B18EA9000E8730E /* Debug */,
				80869AF62B18EA9000E8730E /* Release */,
			);
			defaultConfigurationIsVisible = 0;
			defaultConfigurationName = Release;
		};
/* End XCConfigurationList section */
	};
	rootObject = 80869ADE2B18EA8E00E8730E /* Project object */;
}
